
Microsoft Visual Studio Solution File, Format Version 12.00
# Visual Studio Version 17
VisualStudioVersion = 17.7.34018.315
MinimumVisualStudioVersion = 10.0.40219.1
Project("{FAE04EC0-301F-11D3-BF4B-00C04F79EFBC}") = "BaiTap$", "BaiTap$\BaiTap$.csproj", "{179DA538-CCBA-431C-91C1-71741BD2A131}"
EndProject
Global
	GlobalSection(SolutionConfigurationPlatforms) = preSolution
		Debug|Any CPU = Debug|Any CPU
		Release|Any CPU = Release|Any CPU
	EndGlobalSection
	GlobalSection(ProjectConfigurationPlatforms) = postSolution
		{179DA538-CCBA-431C-91C1-71741BD2A131}.Debug|Any CPU.ActiveCfg = Debug|Any CPU
		{179DA538-CCBA-431C-91C1-71741BD2A131}.Debug|Any CPU.Build.0 = Debug|Any CPU
		{179DA538-CCBA-431C-91C1-71741BD2A131}.Release|Any CPU.ActiveCfg = Release|Any CPU
		{179DA538-CCBA-431C-91C1-71741BD2A131}.Release|Any CPU.Build.0 = Release|Any CPU
	EndGlobalSection
	GlobalSection(SolutionProperties) = preSolution
		HideSolutionNode = FALSE
	EndGlobalSection
	GlobalSection(ExtensibilityGlobals) = postSolution
		SolutionGuid = {176E20A8-878E-4A51-8A42-8A325A1B2C71}
	EndGlobalSection
EndGlobal
